{
    "_readme": [
        "This file locks the dependencies of your project to a known state",
        "Read more about it at https://getcomposer.org/doc/01-basic-usage.md#installing-dependencies",
        "This file is @generated automatically"
    ],
    "content-hash": "e5a213ed6fab4e8d36b838174afc9d45",
    "packages": [
        {
            "name": "cebe/markdown",
            "version": "1.2.1",
            "source": {
                "type": "git",
                "url": "https://github.com/cebe/markdown.git",
                "reference": "9bac5e971dd391e2802dca5400bbeacbaea9eb86"
            },
            "dist": {
                "type": "zip",
                "url": "https://api.github.com/repos/cebe/markdown/zipball/9bac5e971dd391e2802dca5400bbeacbaea9eb86",
                "reference": "9bac5e971dd391e2802dca5400bbeacbaea9eb86",
                "shasum": ""
            },
            "require": {
                "lib-pcre": "*",
                "php": ">=5.4.0"
            },
            "require-dev": {
                "cebe/indent": "*",
                "facebook/xhprof": "*@dev",
                "phpunit/phpunit": "4.1.*"
            },
            "bin": [
                "bin/markdown"
            ],
            "type": "library",
            "extra": {
                "branch-alias": {
                    "dev-master": "1.2.x-dev"
                }
            },
            "autoload": {
                "psr-4": {
                    "cebe\\markdown\\": ""
                }
            },
            "notification-url": "https://packagist.org/downloads/",
            "license": [
                "MIT"
            ],
            "authors": [
                {
                    "name": "Carsten Brandt",
                    "email": "mail@cebe.cc",
                    "homepage": "http://cebe.cc/",
                    "role": "Creator"
                }
            ],
            "description": "A super fast, highly extensible markdown parser for PHP",
            "homepage": "https://github.com/cebe/markdown#readme",
            "keywords": [
                "extensible",
                "fast",
                "gfm",
                "markdown",
                "markdown-extra"
            ],
            "time": "2018-03-26T11:24:36+00:00"
        },
        {
            "name": "kamilz/b2backblaze",
            "version": "v0.1.3",
            "source": {
                "type": "git",
                "url": "https://github.com/kamilZ/B2Backblaze.git",
                "reference": "71e03829a26f9857b870d405f353e2ed9ddbf7ac"
            },
            "dist": {
                "type": "zip",
                "url": "https://api.github.com/repos/kamilZ/B2Backblaze/zipball/71e03829a26f9857b870d405f353e2ed9ddbf7ac",
                "reference": "71e03829a26f9857b870d405f353e2ed9ddbf7ac",
                "shasum": ""
            },
            "require": {
                "kriswallsmith/buzz": ">= 0.15",
                "php": ">=5.3.2"
            },
            "suggest": {
                "ext-curl": "*",
                "kamilz/b2backblaze-bundle": "to use with Symfony2"
            },
            "type": "library",
            "extra": {
                "branch-alias": {
                    "dev-master": "0.1-dev"
                }
            },
            "autoload": {
                "psr-0": {
                    "B2Backblaze": "src/"
                }
            },
            "notification-url": "https://packagist.org/downloads/",
            "license": [
                "MIT"
            ],
            "authors": [
                {
                    "name": "Kamil Zabdyr",
                    "email": "kamilzabdyr@gmail.com",
                    "homepage": "https://github.com/kamilZ"
                },
                {
                    "name": "The contributors",
                    "homepage": "http://github.com/kamilZ/B2Backblaze/contributors"
                }
            ],
            "description": "PHP5 library that provides an API for B2 Cloud Storage",
            "homepage": "https://github.com/kamilZ",
            "keywords": [
                "api",
                "b2",
                "file",
                "php",
                "storage"
            ],
            "time": "2017-06-17T12:46:18+00:00"
        },
        {
            "name": "kriswallsmith/buzz",
            "version": "1.0.1",
            "source": {
                "type": "git",
                "url": "https://github.com/kriswallsmith/Buzz.git",
                "reference": "3d436434ab6019a309b8813839a3693997d03774"
            },
            "dist": {
                "type": "zip",
                "url": "https://api.github.com/repos/kriswallsmith/Buzz/zipball/3d436434ab6019a309b8813839a3693997d03774",
                "reference": "3d436434ab6019a309b8813839a3693997d03774",
                "shasum": ""
            },
            "require": {
                "php": "^7.1",
                "php-http/httplug": "^1.1 || ^2.0",
                "psr/http-client": "^1.0",
                "psr/http-factory": "^1.0",
                "psr/http-message": "^1.0",
                "symfony/options-resolver": "^3.4 || ^4.0"
            },
            "provide": {
                "php-http/client-implementation": "1.0",
                "psr/http-client-implementation": "1.0"
            },
            "require-dev": {
                "nyholm/psr7": "^1.0",
                "php-http/client-integration-tests": "^2.0.1",
                "phpunit/phpunit": "^6.5.7",
                "psr/log": "^1.0",
                "symfony/phpunit-bridge": "^4.2.3"
            },
            "suggest": {
                "ext-curl": "To use our cUrl clients",
                "nyholm/psr7": "For PSR-7 and PSR-17 implementation"
            },
            "type": "library",
            "autoload": {
                "psr-4": {
                    "Buzz\\": "lib"
                }
            },
            "notification-url": "https://packagist.org/downloads/",
            "license": [
                "MIT"
            ],
            "authors": [
                {
                    "name": "Kris Wallsmith",
                    "email": "kris.wallsmith@gmail.com",
                    "homepage": "http://kriswallsmith.net/"
                },
                {
                    "name": "Tobias Nyholm",
                    "email": "tobias.nyholm@gmail.com",
                    "homepage": "http://tnyholm.se/"
                }
            ],
            "description": "Lightweight HTTP client",
            "homepage": "https://github.com/kriswallsmith/Buzz",
            "keywords": [
                "curl",
                "http client"
            ],
            "time": "2019-04-17T18:49:52+00:00"
        },
        {
            "name": "php-http/httplug",
            "version": "v2.0.0",
            "source": {
                "type": "git",
                "url": "https://github.com/php-http/httplug.git",
                "reference": "b3842537338c949f2469557ef4ad4bdc47b58603"
            },
            "dist": {
                "type": "zip",
                "url": "https://api.github.com/repos/php-http/httplug/zipball/b3842537338c949f2469557ef4ad4bdc47b58603",
                "reference": "b3842537338c949f2469557ef4ad4bdc47b58603",
                "shasum": ""
            },
            "require": {
                "php": "^7.0",
                "php-http/promise": "^1.0",
                "psr/http-client": "^1.0",
                "psr/http-message": "^1.0"
            },
            "require-dev": {
                "henrikbjorn/phpspec-code-coverage": "^1.0",
                "phpspec/phpspec": "^2.4"
            },
            "type": "library",
            "extra": {
                "branch-alias": {
                    "dev-master": "2.0.x-dev"
                }
            },
            "autoload": {
                "psr-4": {
                    "Http\\Client\\": "src/"
                }
            },
            "notification-url": "https://packagist.org/downloads/",
            "license": [
                "MIT"
            ],
            "authors": [
                {
                    "name": "Eric GELOEN",
                    "email": "geloen.eric@gmail.com"
                },
                {
                    "name": "Márk Sági-Kazár",
                    "email": "mark.sagikazar@gmail.com"
                }
            ],
            "description": "HTTPlug, the HTTP client abstraction for PHP",
            "homepage": "http://httplug.io",
            "keywords": [
                "client",
                "http"
            ],
            "time": "2018-10-31T09:14:44+00:00"
        },
        {
            "name": "php-http/promise",
            "version": "v1.0.0",
            "source": {
                "type": "git",
                "url": "https://github.com/php-http/promise.git",
                "reference": "dc494cdc9d7160b9a09bd5573272195242ce7980"
            },
            "dist": {
                "type": "zip",
                "url": "https://api.github.com/repos/php-http/promise/zipball/dc494cdc9d7160b9a09bd5573272195242ce7980",
                "reference": "dc494cdc9d7160b9a09bd5573272195242ce7980",
                "shasum": ""
            },
            "require-dev": {
                "henrikbjorn/phpspec-code-coverage": "^1.0",
                "phpspec/phpspec": "^2.4"
            },
            "type": "library",
            "extra": {
                "branch-alias": {
                    "dev-master": "1.1-dev"
                }
            },
            "autoload": {
                "psr-4": {
                    "Http\\Promise\\": "src/"
                }
            },
            "notification-url": "https://packagist.org/downloads/",
            "license": [
                "MIT"
            ],
            "authors": [
                {
                    "name": "Márk Sági-Kazár",
                    "email": "mark.sagikazar@gmail.com"
                },
                {
                    "name": "Joel Wurtz",
                    "email": "joel.wurtz@gmail.com"
                }
            ],
            "description": "Promise used for asynchronous HTTP requests",
            "homepage": "http://httplug.io",
            "keywords": [
                "promise"
            ],
            "time": "2016-01-26T13:27:02+00:00"
        },
        {
            "name": "psr/http-client",
            "version": "1.0.0",
            "source": {
                "type": "git",
                "url": "https://github.com/php-fig/http-client.git",
                "reference": "496a823ef742b632934724bf769560c2a5c7c44e"
            },
            "dist": {
                "type": "zip",
                "url": "https://api.github.com/repos/php-fig/http-client/zipball/496a823ef742b632934724bf769560c2a5c7c44e",
                "reference": "496a823ef742b632934724bf769560c2a5c7c44e",
                "shasum": ""
            },
            "require": {
                "php": "^7.0",
                "psr/http-message": "^1.0"
            },
            "type": "library",
            "extra": {
                "branch-alias": {
                    "dev-master": "1.0.x-dev"
                }
            },
            "autoload": {
                "psr-4": {
                    "Psr\\Http\\Client\\": "src/"
                }
            },
            "notification-url": "https://packagist.org/downloads/",
            "license": [
                "MIT"
            ],
            "authors": [
                {
                    "name": "PHP-FIG",
                    "homepage": "http://www.php-fig.org/"
                }
            ],
            "description": "Common interface for HTTP clients",
            "homepage": "https://github.com/php-fig/http-client",
            "keywords": [
                "http",
                "http-client",
                "psr",
                "psr-18"
            ],
            "time": "2018-10-30T23:29:13+00:00"
        },
        {
            "name": "psr/http-factory",
            "version": "1.0.1",
            "source": {
                "type": "git",
                "url": "https://github.com/php-fig/http-factory.git",
                "reference": "12ac7fcd07e5b077433f5f2bee95b3a771bf61be"
            },
            "dist": {
                "type": "zip",
                "url": "https://api.github.com/repos/php-fig/http-factory/zipball/12ac7fcd07e5b077433f5f2bee95b3a771bf61be",
                "reference": "12ac7fcd07e5b077433f5f2bee95b3a771bf61be",
                "shasum": ""
            },
            "require": {
                "php": ">=7.0.0",
                "psr/http-message": "^1.0"
            },
            "type": "library",
            "extra": {
                "branch-alias": {
                    "dev-master": "1.0.x-dev"
                }
            },
            "autoload": {
                "psr-4": {
                    "Psr\\Http\\Message\\": "src/"
                }
            },
            "notification-url": "https://packagist.org/downloads/",
            "license": [
                "MIT"
            ],
            "authors": [
                {
                    "name": "PHP-FIG",
                    "homepage": "http://www.php-fig.org/"
                }
            ],
            "description": "Common interfaces for PSR-7 HTTP message factories",
            "keywords": [
                "factory",
                "http",
                "message",
                "psr",
                "psr-17",
                "psr-7",
                "request",
                "response"
            ],
            "time": "2019-04-30T12:38:16+00:00"
        },
        {
            "name": "psr/http-message",
            "version": "1.0.1",
            "source": {
                "type": "git",
                "url": "https://github.com/php-fig/http-message.git",
                "reference": "f6561bf28d520154e4b0ec72be95418abe6d9363"
            },
            "dist": {
                "type": "zip",
                "url": "https://api.github.com/repos/php-fig/http-message/zipball/f6561bf28d520154e4b0ec72be95418abe6d9363",
                "reference": "f6561bf28d520154e4b0ec72be95418abe6d9363",
                "shasum": ""
            },
            "require": {
                "php": ">=5.3.0"
            },
            "type": "library",
            "extra": {
                "branch-alias": {
                    "dev-master": "1.0.x-dev"
                }
            },
            "autoload": {
                "psr-4": {
                    "Psr\\Http\\Message\\": "src/"
                }
            },
            "notification-url": "https://packagist.org/downloads/",
            "license": [
                "MIT"
            ],
            "authors": [
                {
                    "name": "PHP-FIG",
                    "homepage": "http://www.php-fig.org/"
                }
            ],
            "description": "Common interface for HTTP messages",
            "homepage": "https://github.com/php-fig/http-message",
            "keywords": [
                "http",
                "http-message",
                "psr",
                "psr-7",
                "request",
                "response"
            ],
            "time": "2016-08-06T14:39:51+00:00"
        },
        {
            "name": "symfony/options-resolver",
            "version": "v4.3.1",
            "source": {
                "type": "git",
                "url": "https://github.com/symfony/options-resolver.git",
                "reference": "914e0edcb7cd0c9f494bc023b1d47534f4542332"
            },
            "dist": {
                "type": "zip",
                "url": "https://api.github.com/repos/symfony/options-resolver/zipball/914e0edcb7cd0c9f494bc023b1d47534f4542332",
                "reference": "914e0edcb7cd0c9f494bc023b1d47534f4542332",
                "shasum": ""
            },
            "require": {
                "php": "^7.1.3"
            },
            "type": "library",
            "extra": {
                "branch-alias": {
                    "dev-master": "4.3-dev"
                }
            },
            "autoload": {
                "psr-4": {
                    "Symfony\\Component\\OptionsResolver\\": ""
                },
                "exclude-from-classmap": [
                    "/Tests/"
                ]
            },
            "notification-url": "https://packagist.org/downloads/",
            "license": [
                "MIT"
            ],
            "authors": [
                {
                    "name": "Fabien Potencier",
                    "email": "fabien@symfony.com"
                },
                {
                    "name": "Symfony Community",
                    "homepage": "https://symfony.com/contributors"
                }
            ],
            "description": "Symfony OptionsResolver Component",
            "homepage": "https://symfony.com",
            "keywords": [
                "config",
                "configuration",
                "options"
            ],
            "time": "2019-05-10T05:38:46+00:00"
        }
    ],
    "packages-dev": [],
    "aliases": [],
    "minimum-stability": "stable",
    "stability-flags": [],
    "prefer-stable": false,
    "prefer-lowest": false,
    "platform": [],
    "platform-dev": []
}
